
Microsoft Visual Studio Solution File, Format Version 12.00
# Visual Studio 15
VisualStudioVersion = 15.0.27130.2003
MinimumVisualStudioVersion = 10.0.40219.1
Project("{FAE04EC0-301F-11D3-BF4B-00C04F79EFBC}") = "Variabili", "Variabili\Variabili.csproj", "{5400CE85-48BD-419B-9E25-BDA61F655DB9}"
EndProject
Project("{FAE04EC0-301F-11D3-BF4B-00C04F79EFBC}") = "Booleani", "Booleani\Booleani.csproj", "{BF2E68F8-EABF-4452-863B-2CEC51316ACE}"
EndProject
Project("{FAE04EC0-301F-11D3-BF4B-00C04F79EFBC}") = "EserciziBase", "EserciziBase\EserciziBase.csproj", "{07B9329A-339E-4984-9698-2113B49A5D58}"
EndProject
Project("{FAE04EC0-301F-11D3-BF4B-00C04F79EFBC}") = "Stringhe", "Stringhe\Stringhe.csproj", "{C63CDE69-94E6-4066-86B8-C35F24E90F08}"
EndProject
Global
	GlobalSection(SolutionConfigurationPlatforms) = preSolution
		Debug|Any CPU = Debug|Any CPU
		Release|Any CPU = Release|Any CPU
	EndGlobalSection
	GlobalSection(ProjectConfigurationPlatforms) = postSolution
		{5400CE85-48BD-419B-9E25-BDA61F655DB9}.Debug|Any CPU.ActiveCfg = Debug|Any CPU
		{5400CE85-48BD-419B-9E25-BDA61F655DB9}.Debug|Any CPU.Build.0 = Debug|Any CPU
		{5400CE85-48BD-419B-9E25-BDA61F655DB9}.Release|Any CPU.ActiveCfg = Release|Any CPU
		{5400CE85-48BD-419B-9E25-BDA61F655DB9}.Release|Any CPU.Build.0 = Release|Any CPU
		{BF2E68F8-EABF-4452-863B-2CEC51316ACE}.Debug|Any CPU.ActiveCfg = Debug|Any CPU
		{BF2E68F8-EABF-4452-863B-2CEC51316ACE}.Debug|Any CPU.Build.0 = Debug|Any CPU
		{BF2E68F8-EABF-4452-863B-2CEC51316ACE}.Release|Any CPU.ActiveCfg = Release|Any CPU
		{BF2E68F8-EABF-4452-863B-2CEC51316ACE}.Release|Any CPU.Build.0 = Release|Any CPU
		{07B9329A-339E-4984-9698-2113B49A5D58}.Debug|Any CPU.ActiveCfg = Debug|Any CPU
		{07B9329A-339E-4984-9698-2113B49A5D58}.Debug|Any CPU.Build.0 = Debug|Any CPU
		{07B9329A-339E-4984-9698-2113B49A5D58}.Release|Any CPU.ActiveCfg = Release|Any CPU
		{07B9329A-339E-4984-9698-2113B49A5D58}.Release|Any CPU.Build.0 = Release|Any CPU
		{C63CDE69-94E6-4066-86B8-C35F24E90F08}.Debug|Any CPU.ActiveCfg = Debug|Any CPU
		{C63CDE69-94E6-4066-86B8-C35F24E90F08}.Debug|Any CPU.Build.0 = Debug|Any CPU
		{C63CDE69-94E6-4066-86B8-C35F24E90F08}.Release|Any CPU.ActiveCfg = Release|Any CPU
		{C63CDE69-94E6-4066-86B8-C35F24E90F08}.Release|Any CPU.Build.0 = Release|Any CPU
	EndGlobalSection
	GlobalSection(SolutionProperties) = preSolution
		HideSolutionNode = FALSE
	EndGlobalSection
	GlobalSection(ExtensibilityGlobals) = postSolution
		SolutionGuid = {DE2720EA-2385-4BD8-A491-C880F247A7F6}
	EndGlobalSection
EndGlobal
